
Microsoft Visual Studio Solution File, Format Version 12.00
# Visual Studio Version 17
VisualStudioVersion = 17.1.32328.378
MinimumVisualStudioVersion = 10.0.40219.1
Project("{FAE04EC0-301F-11D3-BF4B-00C04F79EFBC}") = "Test.Core", "Test.Core\Test.Core.csproj", "{DECB5C3A-3FD1-4B44-A6D6-D3C6579C80A4}"
EndProject
Project("{2150E333-8FDC-42A3-9474-1A3956D46DE8}") = "Dependencies", "Dependencies", "{BC6665B0-6AF3-4E2D-A5B3-712E21F11A26}"
EndProject
Global
	GlobalSection(SolutionConfigurationPlatforms) = preSolution
		Debug|Any CPU = Debug|Any CPU
		Release|Any CPU = Release|Any CPU
	EndGlobalSection
	GlobalSection(ProjectConfigurationPlatforms) = postSolution
		{DECB5C3A-3FD1-4B44-A6D6-D3C6579C80A4}.Debug|Any CPU.ActiveCfg = Debug|Any CPU
		{DECB5C3A-3FD1-4B44-A6D6-D3C6579C80A4}.Debug|Any CPU.Build.0 = Debug|Any CPU
		{DECB5C3A-3FD1-4B44-A6D6-D3C6579C80A4}.Release|Any CPU.ActiveCfg = Release|Any CPU
		{DECB5C3A-3FD1-4B44-A6D6-D3C6579C80A4}.Release|Any CPU.Build.0 = Release|Any CPU
	EndGlobalSection
	GlobalSection(SolutionProperties) = preSolution
		HideSolutionNode = FALSE
	EndGlobalSection
	GlobalSection(NestedProjects) = preSolution
		{DECB5C3A-3FD1-4B44-A6D6-D3C6579C80A4} = {BC6665B0-6AF3-4E2D-A5B3-712E21F11A26}
	EndGlobalSection
	GlobalSection(ExtensibilityGlobals) = postSolution
		SolutionGuid = {3F5C9463-2C79-46A4-B644-E15790643226}
	EndGlobalSection
EndGlobal
